
Microsoft Visual Studio Solution File, Format Version 12.00
# Visual Studio Version 16
VisualStudioVersion = 16.0.28917.181
MinimumVisualStudioVersion = 10.0.40219.1
Project("{FAE04EC0-301F-11D3-BF4B-00C04F79EFBC}") = "Inheritance Exercise", "Inheritance Exercise\Inheritance Exercise.csproj", "{9F85E81C-8B47-4279-9089-17B7510D6BEB}"
EndProject
Global
	GlobalSection(SolutionConfigurationPlatforms) = preSolution
		Debug|Any CPU = Debug|Any CPU
		Release|Any CPU = Release|Any CPU
	EndGlobalSection
	GlobalSection(ProjectConfigurationPlatforms) = postSolution
		{9F85E81C-8B47-4279-9089-17B7510D6BEB}.Debug|Any CPU.ActiveCfg = Debug|Any CPU
		{9F85E81C-8B47-4279-9089-17B7510D6BEB}.Debug|Any CPU.Build.0 = Debug|Any CPU
		{9F85E81C-8B47-4279-9089-17B7510D6BEB}.Release|Any CPU.ActiveCfg = Release|Any CPU
		{9F85E81C-8B47-4279-9089-17B7510D6BEB}.Release|Any CPU.Build.0 = Release|Any CPU
	EndGlobalSection
	GlobalSection(SolutionProperties) = preSolution
		HideSolutionNode = FALSE
	EndGlobalSection
	GlobalSection(ExtensibilityGlobals) = postSolution
		SolutionGuid = {5DD373AD-2BD5-4E66-9D42-BCAC241B38DB}
	EndGlobalSection
EndGlobal
